
Microsoft Visual Studio Solution File, Format Version 12.00
# Visual Studio Version 16
VisualStudioVersion = 16.0.32002.261
MinimumVisualStudioVersion = 10.0.40219.1
Project("{FAE04EC0-301F-11D3-BF4B-00C04F79EFBC}") = "ConsoleApp4", "ConsoleApp4.csproj", "{F0504F27-A265-4DED-BDD8-2E95C26BC7A6}"
EndProject
Project("{FAE04EC0-301F-11D3-BF4B-00C04F79EFBC}") = "GismetioBot", "..\GismetioBot\GismetioBot.csproj", "{85D9E87E-285E-47D7-A218-EB67FA2AB719}"
EndProject
Global
	GlobalSection(SolutionConfigurationPlatforms) = preSolution
		Debug|Any CPU = Debug|Any CPU
		Release|Any CPU = Release|Any CPU
	EndGlobalSection
	GlobalSection(ProjectConfigurationPlatforms) = postSolution
		{F0504F27-A265-4DED-BDD8-2E95C26BC7A6}.Debug|Any CPU.ActiveCfg = Debug|Any CPU
		{F0504F27-A265-4DED-BDD8-2E95C26BC7A6}.Debug|Any CPU.Build.0 = Debug|Any CPU
		{F0504F27-A265-4DED-BDD8-2E95C26BC7A6}.Release|Any CPU.ActiveCfg = Release|Any CPU
		{F0504F27-A265-4DED-BDD8-2E95C26BC7A6}.Release|Any CPU.Build.0 = Release|Any CPU
		{85D9E87E-285E-47D7-A218-EB67FA2AB719}.Debug|Any CPU.ActiveCfg = Debug|Any CPU
		{85D9E87E-285E-47D7-A218-EB67FA2AB719}.Debug|Any CPU.Build.0 = Debug|Any CPU
		{85D9E87E-285E-47D7-A218-EB67FA2AB719}.Release|Any CPU.ActiveCfg = Release|Any CPU
		{85D9E87E-285E-47D7-A218-EB67FA2AB719}.Release|Any CPU.Build.0 = Release|Any CPU
	EndGlobalSection
	GlobalSection(SolutionProperties) = preSolution
		HideSolutionNode = FALSE
	EndGlobalSection
	GlobalSection(ExtensibilityGlobals) = postSolution
		SolutionGuid = {3BC7B6DC-EF5B-483F-BE6C-00A9247B3DE3}
	EndGlobalSection
EndGlobal
